// !$*UTF8*$!
{
	archiveVersion = 1;
	classes = {
	};
	objectVersion = 50;
	objects = {

/* Begin PBXBuildFile section */
		D3CFD30725BAE322008E2EC9 /* AppDelegate.swift in Sources */ = {isa = PBXBuildFile; fileRef = D3CFD30625BAE322008E2EC9 /* AppDelegate.swift */; };
		D3CFD30925BAE322008E2EC9 /* SceneDelegate.swift in Sources */ = {isa = PBXBuildFile; fileRef = D3CFD30825BAE322008E2EC9 /* SceneDelegate.swift */; };
		D3CFD30B25BAE322008E2EC9 /* ViewController.swift in Sources */ = {isa = PBXBuildFile; fileRef = D3CFD30A25BAE322008E2EC9 /* ViewController.swift */; };
		D3CFD30E25BAE322008E2EC9 /* Main.storyboard in Resources */ = {isa = PBXBuildFile; fileRef = D3CFD30C25BAE322008E2EC9 /* Main.storyboard */; };
		D3CFD31025BAE323008E2EC9 /* Assets.xcassets in Resources */ = {isa = PBXBuildFile; fileRef = D3CFD30F25BAE323008E2EC9 /* Assets.xcassets */; };
		D3CFD31325BAE323008E2EC9 /* LaunchScreen.storyboard in Resources */ = {isa = PBXBuildFile; fileRef = D3CFD31125BAE323008E2EC9 /* LaunchScreen.storyboard */; };
		D3CFD31E25BAE323008E2EC9 /* iFavouriteListTests.swift in Sources */ = {isa = PBXBuildFile; fileRef = D3CFD31D25BAE323008E2EC9 /* iFavouriteListTests.swift */; };
		D3CFD32925BAE323008E2EC9 /* iFavouriteListUITests.swift in Sources */ = {isa = PBXBuildFile; fileRef = D3CFD32825BAE323008E2EC9 /* iFavouriteListUITests.swift */; };
/* End PBXBuildFile section */

/* Begin PBXContainerItemProxy section */
		D3CFD31A25BAE323008E2EC9 /* PBXContainerItemProxy */ = {
			isa = PBXContainerItemProxy;
			containerPortal = D3CFD2FB25BAE322008E2EC9 /* Project object */;
			proxyType = 1;
			remoteGlobalIDString = D3CFD30225BAE322008E2EC9;
			remoteInfo = iFavouriteList;
		};
		D3CFD32525BAE323008E2EC9 /* PBXContainerItemProxy */ = {
			isa = PBXContainerItemProxy;
			containerPortal = D3CFD2FB25BAE322008E2EC9 /* Project object */;
			proxyType = 1;
			remoteGlobalIDString = D3CFD30225BAE322008E2EC9;
			remoteInfo = iFavouriteList;
		};
/* End PBXContainerItemProxy section */

/* Begin PBXFileReference section */
		D3CFD30325BAE322008E2EC9 /* iFavouriteList.app */ = {isa = PBXFileReference; explicitFileType = wrapper.application; includeInIndex = 0; path = iFavouriteList.app; sourceTree = BUILT_PRODUCTS_DIR; };
		D3CFD30625BAE322008E2EC9 /* AppDelegate.swift */ = {isa = PBXFileReference; lastKnownFileType = sourcecode.swift; path = AppDelegate.swift; sourceTree = "<group>"; };
		D3CFD30825BAE322008E2EC9 /* SceneDelegate.swift */ = {isa = PBXFileReference; lastKnownFileType = sourcecode.swift; path = SceneDelegate.swift; sourceTree = "<group>"; };
		D3CFD30A25BAE322008E2EC9 /* ViewController.swift */ = {isa = PBXFileReference; lastKnownFileType = sourcecode.swift; path = ViewController.swift; sourceTree = "<group>"; };
		D3CFD30D25BAE322008E2EC9 /* Base */ = {isa = PBXFileReference; lastKnownFileType = file.storyboard; name = Base; path = Base.lproj/Main.storyboard; sourceTree = "<group>"; };
		D3CFD30F25BAE323008E2EC9 /* Assets.xcassets */ = {isa = PBXFileReference; lastKnownFileType = folder.assetcatalog; path = Assets.xcassets; sourceTree = "<group>"; };
		D3CFD31225BAE323008E2EC9 /* Base */ = {isa = PBXFileReference; lastKnownFileType = file.storyboard; name = Base; path = Base.lproj/LaunchScreen.storyboard; sourceTree = "<group>"; };
		D3CFD31425BAE323008E2EC9 /* Info.plist */ = {isa = PBXFileReference; lastKnownFileType = text.plist.xml; path = Info.plist; sourceTree = "<group>"; };
		D3CFD31925BAE323008E2EC9 /* iFavouriteListTests.xctest */ = {isa = PBXFileReference; explicitFileType = wrapper.cfbundle; includeInIndex = 0; path = iFavouriteListTests.xctest; sourceTree = BUILT_PRODUCTS_DIR; };
		D3CFD31D25BAE323008E2EC9 /* iFavouriteListTests.swift */ = {isa = PBXFileReference; lastKnownFileType = sourcecode.swift; path = iFavouriteListTests.swift; sourceTree = "<group>"; };
		D3CFD31F25BAE323008E2EC9 /* Info.plist */ = {isa = PBXFileReference; lastKnownFileType = text.plist.xml; path = Info.plist; sourceTree = "<group>"; };
		D3CFD32425BAE323008E2EC9 /* iFavouriteListUITests.xctest */ = {isa = PBXFileReference; explicitFileType = wrapper.cfbundle; includeInIndex = 0; path = iFavouriteListUITests.xctest; sourceTree = BUILT_PRODUCTS_DIR; };
		D3CFD32825BAE323008E2EC9 /* iFavouriteListUITests.swift */ = {isa = PBXFileReference; lastKnownFileType = sourcecode.swift; path = iFavouriteListUITests.swift; sourceTree = "<group>"; };
		D3CFD32A25BAE323008E2EC9 /* Info.plist */ = {isa = PBXFileReference; lastKnownFileType = text.plist.xml; path = Info.plist; sourceTree = "<group>"; };
/* End PBXFileReference section */

/* Begin PBXFrameworksBuildPhase section */
		D3CFD30025BAE322008E2EC9 /* Frameworks */ = {
			isa = PBXFrameworksBuildPhase;
			buildActionMask = 2147483647;
			files = (
			);
			runOnlyForDeploymentPostprocessing = 0;
		};
		D3CFD31625BAE323008E2EC9 /* Frameworks */ = {
			isa = PBXFrameworksBuildPhase;
			buildActionMask = 2147483647;
			files = (
			);
			runOnlyForDeploymentPostprocessing = 0;
		};
		D3CFD32125BAE323008E2EC9 /* Frameworks */ = {
			isa = PBXFrameworksBuildPhase;
			buildActionMask = 2147483647;
			files = (
			);
			runOnlyForDeploymentPostprocessing = 0;
		};
/* End PBXFrameworksBuildPhase section */

/* Begin PBXGroup section */
		D3CFD2FA25BAE322008E2EC9 = {
			isa = PBXGroup;
			children = (
				D3CFD30525BAE322008E2EC9 /* iFavouriteList */,
				D3CFD31C25BAE323008E2EC9 /* iFavouriteListTests */,
				D3CFD32725BAE323008E2EC9 /* iFavouriteListUITests */,
				D3CFD30425BAE322008E2EC9 /* Products */,
			);
			sourceTree = "<group>";
		};
		D3CFD30425BAE322008E2EC9 /* Products */ = {
			isa = PBXGroup;
			children = (
				D3CFD30325BAE322008E2EC9 /* iFavouriteList.app */,
				D3CFD31925BAE323008E2EC9 /* iFavouriteListTests.xctest */,
				D3CFD32425BAE323008E2EC9 /* iFavouriteListUITests.xctest */,
			);
			name = Products;
			sourceTree = "<group>";
		};
		D3CFD30525BAE322008E2EC9 /* iFavouriteList */ = {
			isa = PBXGroup;
			children = (
				D3CFD30625BAE322008E2EC9 /* AppDelegate.swift */,
				D3CFD30825BAE322008E2EC9 /* SceneDelegate.swift */,
				D3CFD30A25BAE322008E2EC9 /* ViewController.swift */,
				D3CFD30C25BAE322008E2EC9 /* Main.storyboard */,
				D3CFD30F25BAE323008E2EC9 /* Assets.xcassets */,
				D3CFD31125BAE323008E2EC9 /* LaunchScreen.storyboard */,
				D3CFD31425BAE323008E2EC9 /* Info.plist */,
			);
			path = iFavouriteList;
			sourceTree = "<group>";
		};
		D3CFD31C25BAE323008E2EC9 /* iFavouriteListTests */ = {
			isa = PBXGroup;
			children = (
				D3CFD31D25BAE323008E2EC9 /* iFavouriteListTests.swift */,
				D3CFD31F25BAE323008E2EC9 /* Info.plist */,
			);
			path = iFavouriteListTests;
			sourceTree = "<group>";
		};
		D3CFD32725BAE323008E2EC9 /* iFavouriteListUITests */ = {
			isa = PBXGroup;
			children = (
				D3CFD32825BAE323008E2EC9 /* iFavouriteListUITests.swift */,
				D3CFD32A25BAE323008E2EC9 /* Info.plist */,
			);
			path = iFavouriteListUITests;
			sourceTree = "<group>";
		};
/* End PBXGroup section */

/* Begin PBXNativeTarget section */
		D3CFD30225BAE322008E2EC9 /* iFavouriteList */ = {
			isa = PBXNativeTarget;
			buildConfigurationList = D3CFD32D25BAE323008E2EC9 /* Build configuration list for PBXNativeTarget "iFavouriteList" */;
			buildPhases = (
				D3CFD2FF25BAE322008E2EC9 /* Sources */,
				D3CFD30025BAE322008E2EC9 /* Frameworks */,
				D3CFD30125BAE322008E2EC9 /* Resources */,
			);
			buildRules = (
			);
			dependencies = (
			);
			name = iFavouriteList;
			productName = iFavouriteList;
			productReference = D3CFD30325BAE322008E2EC9 /* iFavouriteList.app */;
			productType = "com.apple.product-type.application";
		};
		D3CFD31825BAE323008E2EC9 /* iFavouriteListTests */ = {
			isa = PBXNativeTarget;
			buildConfigurationList = D3CFD33025BAE323008E2EC9 /* Build configuration list for PBXNativeTarget "iFavouriteListTests" */;
			buildPhases = (
				D3CFD31525BAE323008E2EC9 /* Sources */,
				D3CFD31625BAE323008E2EC9 /* Frameworks */,
				D3CFD31725BAE323008E2EC9 /* Resources */,
			);
			buildRules = (
			);
			dependencies = (
				D3CFD31B25BAE323008E2EC9 /* PBXTargetDependency */,
			);
			name = iFavouriteListTests;
			productName = iFavouriteListTests;
			productReference = D3CFD31925BAE323008E2EC9 /* iFavouriteListTests.xctest */;
			productType = "com.apple.product-type.bundle.unit-test";
		};
		D3CFD32325BAE323008E2EC9 /* iFavouriteListUITests */ = {
			isa = PBXNativeTarget;
			buildConfigurationList = D3CFD33325BAE323008E2EC9 /* Build configuration list for PBXNativeTarget "iFavouriteListUITests" */;
			buildPhases = (
				D3CFD32025BAE323008E2EC9 /* Sources */,
				D3CFD32125BAE323008E2EC9 /* Frameworks */,
				D3CFD32225BAE323008E2EC9 /* Resources */,
			);
			buildRules = (
			);
			dependencies = (
				D3CFD32625BAE323008E2EC9 /* PBXTargetDependency */,
			);
			name = iFavouriteListUITests;
			productName = iFavouriteListUITests;
			productReference = D3CFD32425BAE323008E2EC9 /* iFavouriteListUITests.xctest */;
			productType = "com.apple.product-type.bundle.ui-testing";
		};
/* End PBXNativeTarget section */

/* Begin PBXProject section */
		D3CFD2FB25BAE322008E2EC9 /* Project object */ = {
			isa = PBXProject;
			attributes = {
				LastSwiftUpdateCheck = 1230;
				LastUpgradeCheck = 1230;
				TargetAttributes = {
					D3CFD30225BAE322008E2EC9 = {
						CreatedOnToolsVersion = 12.3;
					};
					D3CFD31825BAE323008E2EC9 = {
						CreatedOnToolsVersion = 12.3;
						TestTargetID = D3CFD30225BAE322008E2EC9;
					};
					D3CFD32325BAE323008E2EC9 = {
						CreatedOnToolsVersion = 12.3;
						TestTargetID = D3CFD30225BAE322008E2EC9;
					};
				};
			};
			buildConfigurationList = D3CFD2FE25BAE322008E2EC9 /* Build configuration list for PBXProject "iFavouriteList" */;
			compatibilityVersion = "Xcode 9.3";
			developmentRegion = en;
			hasScannedForEncodings = 0;
			knownRegions = (
				en,
				Base,
			);
			mainGroup = D3CFD2FA25BAE322008E2EC9;
			productRefGroup = D3CFD30425BAE322008E2EC9 /* Products */;
			projectDirPath = "";
			projectRoot = "";
			targets = (
				D3CFD30225BAE322008E2EC9 /* iFavouriteList */,
				D3CFD31825BAE323008E2EC9 /* iFavouriteListTests */,
				D3CFD32325BAE323008E2EC9 /* iFavouriteListUITests */,
			);
		};
/* End PBXProject section */

/* Begin PBXResourcesBuildPhase section */
		D3CFD30125BAE322008E2EC9 /* Resources */ = {
			isa = PBXResourcesBuildPhase;
			buildActionMask = 2147483647;
			files = (
				D3CFD31325BAE323008E2EC9 /* LaunchScreen.storyboard in Resources */,
				D3CFD31025BAE323008E2EC9 /* Assets.xcassets in Resources */,
				D3CFD30E25BAE322008E2EC9 /* Main.storyboard in Resources */,
			);
			runOnlyForDeploymentPostprocessing = 0;
		};
		D3CFD31725BAE323008E2EC9 /* Resources */ = {
			isa = PBXResourcesBuildPhase;
			buildActionMask = 2147483647;
			files = (
			);
			runOnlyForDeploymentPostprocessing = 0;
		};
		D3CFD32225BAE323008E2EC9 /* Resources */ = {
			isa = PBXResourcesBuildPhase;
			buildActionMask = 2147483647;
			files = (
			);
			runOnlyForDeploymentPostprocessing = 0;
		};
/* End PBXResourcesBuildPhase section */

/* Begin PBXSourcesBuildPhase section */
		D3CFD2FF25BAE322008E2EC9 /* Sources */ = {
			isa = PBXSourcesBuildPhase;
			buildActionMask = 2147483647;
			files = (
				D3CFD30B25BAE322008E2EC9 /* ViewController.swift in Sources */,
				D3CFD30725BAE322008E2EC9 /* AppDelegate.swift in Sources */,
				D3CFD30925BAE322008E2EC9 /* SceneDelegate.swift in Sources */,
			);
			runOnlyForDeploymentPostprocessing = 0;
		};
		D3CFD31525BAE323008E2EC9 /* Sources */ = {
			isa = PBXSourcesBuildPhase;
			buildActionMask = 2147483647;
			files = (
				D3CFD31E25BAE323008E2EC9 /* iFavouriteListTests.swift in Sources */,
			);
			runOnlyForDeploymentPostprocessing = 0;
		};
		D3CFD32025BAE323008E2EC9 /* Sources */ = {
			isa = PBXSourcesBuildPhase;
			buildActionMask = 2147483647;
			files = (
				D3CFD32925BAE323008E2EC9 /* iFavouriteListUITests.swift in Sources */,
			);
			runOnlyForDeploymentPostprocessing = 0;
		};
/* End PBXSourcesBuildPhase section */

/* Begin PBXTargetDependency section */
		D3CFD31B25BAE323008E2EC9 /* PBXTargetDependency */ = {
			isa = PBXTargetDependency;
			target = D3CFD30225BAE322008E2EC9 /* iFavouriteList */;
			targetProxy = D3CFD31A25BAE323008E2EC9 /* PBXContainerItemProxy */;
		};
		D3CFD32625BAE323008E2EC9 /* PBXTargetDependency */ = {
			isa = PBXTargetDependency;
			target = D3CFD30225BAE322008E2EC9 /* iFavouriteList */;
			targetProxy = D3CFD32525BAE323008E2EC9 /* PBXContainerItemProxy */;
		};
/* End PBXTargetDependency section */

/* Begin PBXVariantGroup section */
		D3CFD30C25BAE322008E2EC9 /* Main.storyboard */ = {
			isa = PBXVariantGroup;
			children = (
				D3CFD30D25BAE322008E2EC9 /* Base */,
			);
			name = Main.storyboard;
			sourceTree = "<group>";
		};
		D3CFD31125BAE323008E2EC9 /* LaunchScreen.storyboard */ = {
			isa = PBXVariantGroup;
			children = (
				D3CFD31225BAE323008E2EC9 /* Base */,
			);
			name = LaunchScreen.storyboard;
			sourceTree = "<group>";
		};
/* End PBXVariantGroup section */

/* Begin XCBuildConfiguration section */
		D3CFD32B25BAE323008E2EC9 /* Debug */ = {
			isa = XCBuildConfiguration;
			buildSettings = {
				ALWAYS_SEARCH_USER_PATHS = NO;
				CLANG_ANALYZER_NONNULL = YES;
				CLANG_ANALYZER_NUMBER_OBJECT_CONVERSION = YES_AGGRESSIVE;
				CLANG_CXX_LANGUAGE_STANDARD = "gnu++14";
				CLANG_CXX_LIBRARY = "libc++";
				CLANG_ENABLE_MODULES = YES;
				CLANG_ENABLE_OBJC_ARC = YES;
				CLANG_ENABLE_OBJC_WEAK = YES;
				CLANG_WARN_BLOCK_CAPTURE_AUTORELEASING = YES;
				CLANG_WARN_BOOL_CONVERSION = YES;
				CLANG_WARN_COMMA = YES;
				CLANG_WARN_CONSTANT_CONVERSION = YES;
				CLANG_WARN_DEPRECATED_OBJC_IMPLEMENTATIONS = YES;
				CLANG_WARN_DIRECT_OBJC_ISA_USAGE = YES_ERROR;
				CLANG_WARN_DOCUMENTATION_COMMENTS = YES;
				CLANG_WARN_EMPTY_BODY = YES;
				CLANG_WARN_ENUM_CONVERSION = YES;
				CLANG_WARN_INFINITE_RECURSION = YES;
				CLANG_WARN_INT_CONVERSION = YES;
				CLANG_WARN_NON_LITERAL_NULL_CONVERSION = YES;
				CLANG_WARN_OBJC_IMPLICIT_RETAIN_SELF = YES;
				CLANG_WARN_OBJC_LITERAL_CONVERSION = YES;
				CLANG_WARN_OBJC_ROOT_CLASS = YES_ERROR;
				CLANG_WARN_QUOTED_INCLUDE_IN_FRAMEWORK_HEADER = YES;
				CLANG_WARN_RANGE_LOOP_ANALYSIS = YES;
				CLANG_WARN_STRICT_PROTOTYPES = YES;
				CLANG_WARN_SUSPICIOUS_MOVE = YES;
				CLANG_WARN_UNGUARDED_AVAILABILITY = YES_AGGRESSIVE;
				CLANG_WARN_UNREACHABLE_CODE = YES;
				CLANG_WARN__DUPLICATE_METHOD_MATCH = YES;
				COPY_PHASE_STRIP = NO;
				DEBUG_INFORMATION_FORMAT = dwarf;
				ENABLE_STRICT_OBJC_MSGSEND = YES;
				ENABLE_TESTABILITY = YES;
				GCC_C_LANGUAGE_STANDARD = gnu11;
				GCC_DYNAMIC_NO_PIC = NO;
				GCC_NO_COMMON_BLOCKS = YES;
				GCC_OPTIMIZATION_LEVEL = 0;
				GCC_PREPROCESSOR_DEFINITIONS = (
					"DEBUG=1",
					"$(inherited)",
				);
				GCC_WARN_64_TO_32_BIT_CONVERSION = YES;
				GCC_WARN_ABOUT_RETURN_TYPE = YES_ERROR;
				GCC_WARN_UNDECLARED_SELECTOR = YES;
				GCC_WARN_UNINITIALIZED_AUTOS = YES_AGGRESSIVE;
				GCC_WARN_UNUSED_FUNCTION = YES;
				GCC_WARN_UNUSED_VARIABLE = YES;
				IPHONEOS_DEPLOYMENT_TARGET = 14.3;
				MTL_ENABLE_DEBUG_INFO = INCLUDE_SOURCE;
				MTL_FAST_MATH = YES;
				ONLY_ACTIVE_ARCH = YES;
				SDKROOT = iphoneos;
				SWIFT_ACTIVE_COMPILATION_CONDITIONS = DEBUG;
				SWIFT_OPTIMIZATION_LEVEL = "-Onone";
			};
			name = Debug;
		};
		D3CFD32C25BAE323008E2EC9 /* Release */ = {
			isa = XCBuildConfiguration;
			buildSettings = {
				ALWAYS_SEARCH_USER_PATHS = NO;
				CLANG_ANALYZER_NONNULL = YES;
				CLANG_ANALYZER_NUMBER_OBJECT_CONVERSION = YES_AGGRESSIVE;
				CLANG_CXX_LANGUAGE_STANDARD = "gnu++14";
				CLANG_CXX_LIBRARY = "libc++";
				CLANG_ENABLE_MODULES = YES;
				CLANG_ENABLE_OBJC_ARC = YES;
				CLANG_ENABLE_OBJC_WEAK = YES;
				CLANG_WARN_BLOCK_CAPTURE_AUTORELEASING = YES;
				CLANG_WARN_BOOL_CONVERSION = YES;
				CLANG_WARN_COMMA = YES;
				CLANG_WARN_CONSTANT_CONVERSION = YES;
				CLANG_WARN_DEPRECATED_OBJC_IMPLEMENTATIONS = YES;
				CLANG_WARN_DIRECT_OBJC_ISA_USAGE = YES_ERROR;
				CLANG_WARN_DOCUMENTATION_COMMENTS = YES;
				CLANG_WARN_EMPTY_BODY = YES;
				CLANG_WARN_ENUM_CONVERSION = YES;
				CLANG_WARN_INFINITE_RECURSION = YES;
				CLANG_WARN_INT_CONVERSION = YES;
				CLANG_WARN_NON_LITERAL_NULL_CONVERSION = YES;
				CLANG_WARN_OBJC_IMPLICIT_RETAIN_SELF = YES;
				CLANG_WARN_OBJC_LITERAL_CONVERSION = YES;
				CLANG_WARN_OBJC_ROOT_CLASS = YES_ERROR;
				CLANG_WARN_QUOTED_INCLUDE_IN_FRAMEWORK_HEADER = YES;
				CLANG_WARN_RANGE_LOOP_ANALYSIS = YES;
				CLANG_WARN_STRICT_PROTOTYPES = YES;
				CLANG_WARN_SUSPICIOUS_MOVE = YES;
				CLANG_WARN_UNGUARDED_AVAILABILITY = YES_AGGRESSIVE;
				CLANG_WARN_UNREACHABLE_CODE = YES;
				CLANG_WARN__DUPLICATE_METHOD_MATCH = YES;
				COPY_PHASE_STRIP = NO;
				DEBUG_INFORMATION_FORMAT = "dwarf-with-dsym";
				ENABLE_NS_ASSERTIONS = NO;
				ENABLE_STRICT_OBJC_MSGSEND = YES;
				GCC_C_LANGUAGE_STANDARD = gnu11;
				GCC_NO_COMMON_BLOCKS = YES;
				GCC_WARN_64_TO_32_BIT_CONVERSION = YES;
				GCC_WARN_ABOUT_RETURN_TYPE = YES_ERROR;
				GCC_WARN_UNDECLARED_SELECTOR = YES;
				GCC_WARN_UNINITIALIZED_AUTOS = YES_AGGRESSIVE;
				GCC_WARN_UNUSED_FUNCTION = YES;
				GCC_WARN_UNUSED_VARIABLE = YES;
				IPHONEOS_DEPLOYMENT_TARGET = 14.3;
				MTL_ENABLE_DEBUG_INFO = NO;
				MTL_FAST_MATH = YES;
				SDKROOT = iphoneos;
				SWIFT_COMPILATION_MODE = wholemodule;
				SWIFT_OPTIMIZATION_LEVEL = "-O";
				VALIDATE_PRODUCT = YES;
			};
			name = Release;
		};
		D3CFD32E25BAE323008E2EC9 /* Debug */ = {
			isa = XCBuildConfiguration;
			buildSettings = {
				ASSETCATALOG_COMPILER_APPICON_NAME = AppIcon;
				ASSETCATALOG_COMPILER_GLOBAL_ACCENT_COLOR_NAME = AccentColor;
				CODE_SIGN_STYLE = Automatic;
				DEVELOPMENT_TEAM = 8N6548NG99;
				INFOPLIST_FILE = iFavouriteList/Info.plist;
				LD_RUNPATH_SEARCH_PATHS = (
					"$(inherited)",
					"@executable_path/Frameworks",
				);
				PRODUCT_BUNDLE_IDENTIFIER = brian.iFavouriteList;
				PRODUCT_NAME = "$(TARGET_NAME)";
				SWIFT_VERSION = 5.0;
				TARGETED_DEVICE_FAMILY = "1,2";
			};
			name = Debug;
		};
		D3CFD32F25BAE323008E2EC9 /* Release */ = {
			isa = XCBuildConfiguration;
			buildSettings = {
				ASSETCATALOG_COMPILER_APPICON_NAME = AppIcon;
				ASSETCATALOG_COMPILER_GLOBAL_ACCENT_COLOR_NAME = AccentColor;
				CODE_SIGN_STYLE = Automatic;
				DEVELOPMENT_TEAM = 8N6548NG99;
				INFOPLIST_FILE = iFavouriteList/Info.plist;
				LD_RUNPATH_SEARCH_PATHS = (
					"$(inherited)",
					"@executable_path/Frameworks",
				);
				PRODUCT_BUNDLE_IDENTIFIER = brian.iFavouriteList;
				PRODUCT_NAME = "$(TARGET_NAME)";
				SWIFT_VERSION = 5.0;
				TARGETED_DEVICE_FAMILY = "1,2";
			};
			name = Release;
		};
		D3CFD33125BAE323008E2EC9 /* Debug */ = {
			isa = XCBuildConfiguration;
			buildSettings = {
				ALWAYS_EMBED_SWIFT_STANDARD_LIBRARIES = YES;
				BUNDLE_LOADER = "$(TEST_HOST)";
				CODE_SIGN_STYLE = Automatic;
				DEVELOPMENT_TEAM = 8N6548NG99;
				INFOPLIST_FILE = iFavouriteListTests/Info.plist;
				IPHONEOS_DEPLOYMENT_TARGET = 14.3;
				LD_RUNPATH_SEARCH_PATHS = (
					"$(inherited)",
					"@executable_path/Frameworks",
					"@loader_path/Frameworks",
				);
				PRODUCT_BUNDLE_IDENTIFIER = brian.iFavouriteListTests;
				PRODUCT_NAME = "$(TARGET_NAME)";
				SWIFT_VERSION = 5.0;
				TARGETED_DEVICE_FAMILY = "1,2";
				TEST_HOST = "$(BUILT_PRODUCTS_DIR)/iFavouriteList.app/iFavouriteList";
			};
			name = Debug;
		};
		D3CFD33225BAE323008E2EC9 /* Release */ = {
			isa = XCBuildConfiguration;
			buildSettings = {
				ALWAYS_EMBED_SWIFT_STANDARD_LIBRARIES = YES;
				BUNDLE_LOADER = "$(TEST_HOST)";
				CODE_SIGN_STYLE = Automatic;
				DEVELOPMENT_TEAM = 8N6548NG99;
				INFOPLIST_FILE = iFavouriteListTests/Info.plist;
				IPHONEOS_DEPLOYMENT_TARGET = 14.3;
				LD_RUNPATH_SEARCH_PATHS = (
					"$(inherited)",
					"@executable_path/Frameworks",
					"@loader_path/Frameworks",
				);
				PRODUCT_BUNDLE_IDENTIFIER = brian.iFavouriteListTests;
				PRODUCT_NAME = "$(TARGET_NAME)";
				SWIFT_VERSION = 5.0;
				TARGETED_DEVICE_FAMILY = "1,2";
				TEST_HOST = "$(BUILT_PRODUCTS_DIR)/iFavouriteList.app/iFavouriteList";
			};
			name = Release;
		};
		D3CFD33425BAE323008E2EC9 /* Debug */ = {
			isa = XCBuildConfiguration;
			buildSettings = {
				ALWAYS_EMBED_SWIFT_STANDARD_LIBRARIES = YES;
				CODE_SIGN_STYLE = Automatic;
				DEVELOPMENT_TEAM = 8N6548NG99;
				INFOPLIST_FILE = iFavouriteListUITests/Info.plist;
				LD_RUNPATH_SEARCH_PATHS = (
					"$(inherited)",
					"@executable_path/Frameworks",
					"@loader_path/Frameworks",
				);
				PRODUCT_BUNDLE_IDENTIFIER = brian.iFavouriteListUITests;
				PRODUCT_NAME = "$(TARGET_NAME)";
				SWIFT_VERSION = 5.0;
				TARGETED_DEVICE_FAMILY = "1,2";
				TEST_TARGET_NAME = iFavouriteList;
			};
			name = Debug;
		};
		D3CFD33525BAE323008E2EC9 /* Release */ = {
			isa = XCBuildConfiguration;
			buildSettings = {
				ALWAYS_EMBED_SWIFT_STANDARD_LIBRARIES = YES;
				CODE_SIGN_STYLE = Automatic;
				DEVELOPMENT_TEAM = 8N6548NG99;
				INFOPLIST_FILE = iFavouriteListUITests/Info.plist;
				LD_RUNPATH_SEARCH_PATHS = (
					"$(inherited)",
					"@executable_path/Frameworks",
					"@loader_path/Frameworks",
				);
				PRODUCT_BUNDLE_IDENTIFIER = brian.iFavouriteListUITests;
				PRODUCT_NAME = "$(TARGET_NAME)";
				SWIFT_VERSION = 5.0;
				TARGETED_DEVICE_FAMILY = "1,2";
				TEST_TARGET_NAME = iFavouriteList;
			};
			name = Release;
		};
/* End XCBuildConfiguration section */

/* Begin XCConfigurationList section */
		D3CFD2FE25BAE322008E2EC9 /* Build configuration list for PBXProject "iFavouriteList" */ = {
			isa = XCConfigurationList;
			buildConfigurations = (
				D3CFD32B25BAE323008E2EC9 /* Debug */,
				D3CFD32C25BAE323008E2EC9 /* Release */,
			);
			defaultConfigurationIsVisible = 0;
			defaultConfigurationName = Release;
		};
		D3CFD32D25BAE323008E2EC9 /* Build configuration list for PBXNativeTarget "iFavouriteList" */ = {
			isa = XCConfigurationList;
			buildConfigurations = (
				D3CFD32E25BAE323008E2EC9 /* Debug */,
				D3CFD32F25BAE323008E2EC9 /* Release */,
			);
			defaultConfigurationIsVisible = 0;
			defaultConfigurationName = Release;
		};
		D3CFD33025BAE323008E2EC9 /* Build configuration list for PBXNativeTarget "iFavouriteListTests" */ = {
			isa = XCConfigurationList;
			buildConfigurations = (
				D3CFD33125BAE323008E2EC9 /* Debug */,
				D3CFD33225BAE323008E2EC9 /* Release */,
			);
			defaultConfigurationIsVisible = 0;
			defaultConfigurationName = Release;
		};
		D3CFD33325BAE323008E2EC9 /* Build configuration list for PBXNativeTarget "iFavouriteListUITests" */ = {
			isa = XCConfigurationList;
			buildConfigurations = (
				D3CFD33425BAE323008E2EC9 /* Debug */,
				D3CFD33525BAE323008E2EC9 /* Release */,
			);
			defaultConfigurationIsVisible = 0;
			defaultConfigurationName = Release;
		};
/* End XCConfigurationList section */
	};
	rootObject = D3CFD2FB25BAE322008E2EC9 /* Project object */;
}
